{
  "object": {
    "pins": [
      {
        "package": "OpenSSL",
        "repositoryURL": "https://github.com/krzyzanowskim/OpenSSL.git",
        "state": {
          "branch": null,
          "revision": "e88deedfc37501f03ae3a08b3b8cf497d0340197",
          "version": "1.1.1100"
        }
      }
    ]
  },
  "version": 1
}
